
Microsoft Visual Studio Solution File, Format Version 12.00
# Visual Studio Version 17
VisualStudioVersion = 17.10.35122.118
MinimumVisualStudioVersion = 10.0.40219.1
Project("{FAE04EC0-301F-11D3-BF4B-00C04F79EFBC}") = "MarketAPI", "MarketAPI\MarketAPI.csproj", "{AF1F5748-FD4F-472B-8721-2CC301719338}"
EndProject
Project("{2150E333-8FDC-42A3-9474-1A3956D46DE8}") = "Solution Items", "Solution Items", "{7E5694D9-8E5F-40FF-A384-5ADE3A96E1A9}"
	ProjectSection(SolutionItems) = preProject
		Directory.Packages.props = Directory.Packages.props
	EndProjectSection
EndProject
Global
	GlobalSection(SolutionConfigurationPlatforms) = preSolution
		Debug|Any CPU = Debug|Any CPU
		Release|Any CPU = Release|Any CPU
	EndGlobalSection
	GlobalSection(ProjectConfigurationPlatforms) = postSolution
		{AF1F5748-FD4F-472B-8721-2CC301719338}.Debug|Any CPU.ActiveCfg = Debug|Any CPU
		{AF1F5748-FD4F-472B-8721-2CC301719338}.Debug|Any CPU.Build.0 = Debug|Any CPU
		{AF1F5748-FD4F-472B-8721-2CC301719338}.Release|Any CPU.ActiveCfg = Release|Any CPU
		{AF1F5748-FD4F-472B-8721-2CC301719338}.Release|Any CPU.Build.0 = Release|Any CPU
	EndGlobalSection
	GlobalSection(SolutionProperties) = preSolution
		HideSolutionNode = FALSE
	EndGlobalSection
	GlobalSection(ExtensibilityGlobals) = postSolution
		SolutionGuid = {D935310E-6848-411F-B376-7AC8D5151CCB}
	EndGlobalSection
EndGlobal
